// !$*UTF8*$!
{
	archiveVersion = 1;
	classes = {
	};
	objectVersion = 46;
	objects = {

/* Begin PBXBuildFile section */
		18081A741E681C9600F14AD2 /* SoundAddViewController.swift in Sources */ = {isa = PBXBuildFile; fileRef = 18081A731E681C9600F14AD2 /* SoundAddViewController.swift */; };
		180C02EE1E6811B1002E3824 /* AppDelegate.swift in Sources */ = {isa = PBXBuildFile; fileRef = 180C02ED1E6811B1002E3824 /* AppDelegate.swift */; };
		180C02F01E6811B1002E3824 /* ViewController.swift in Sources */ = {isa = PBXBuildFile; fileRef = 180C02EF1E6811B1002E3824 /* ViewController.swift */; };
		180C02F31E6811B1002E3824 /* Main.storyboard in Resources */ = {isa = PBXBuildFile; fileRef = 180C02F11E6811B1002E3824 /* Main.storyboard */; };
		180C02F61E6811B1002E3824 /* MicroPhone.xcdatamodeld in Sources */ = {isa = PBXBuildFile; fileRef = 180C02F41E6811B1002E3824 /* MicroPhone.xcdatamodeld */; };
		180C02F81E6811B1002E3824 /* Assets.xcassets in Resources */ = {isa = PBXBuildFile; fileRef = 180C02F71E6811B1002E3824 /* Assets.xcassets */; };
		180C02FB1E6811B1002E3824 /* LaunchScreen.storyboard in Resources */ = {isa = PBXBuildFile; fileRef = 180C02F91E6811B1002E3824 /* LaunchScreen.storyboard */; };
/* End PBXBuildFile section */

/* Begin PBXFileReference section */
		18081A731E681C9600F14AD2 /* SoundAddViewController.swift */ = {isa = PBXFileReference; fileEncoding = 4; lastKnownFileType = sourcecode.swift; path = SoundAddViewController.swift; sourceTree = "<group>"; };
		180C02EA1E6811B0002E3824 /* MicroPhone.app */ = {isa = PBXFileReference; explicitFileType = wrapper.application; includeInIndex = 0; path = MicroPhone.app; sourceTree = BUILT_PRODUCTS_DIR; };
		180C02ED1E6811B1002E3824 /* AppDelegate.swift */ = {isa = PBXFileReference; lastKnownFileType = sourcecode.swift; path = AppDelegate.swift; sourceTree = "<group>"; };
		180C02EF1E6811B1002E3824 /* ViewController.swift */ = {isa = PBXFileReference; lastKnownFileType = sourcecode.swift; path = ViewController.swift; sourceTree = "<group>"; };
		180C02F21E6811B1002E3824 /* Base */ = {isa = PBXFileReference; lastKnownFileType = file.storyboard; name = Base; path = Base.lproj/Main.storyboard; sourceTree = "<group>"; };
		180C02F51E6811B1002E3824 /* MicroPhone.xcdatamodel */ = {isa = PBXFileReference; lastKnownFileType = wrapper.xcdatamodel; path = MicroPhone.xcdatamodel; sourceTree = "<group>"; };
		180C02F71E6811B1002E3824 /* Assets.xcassets */ = {isa = PBXFileReference; lastKnownFileType = folder.assetcatalog; path = Assets.xcassets; sourceTree = "<group>"; };
		180C02FA1E6811B1002E3824 /* Base */ = {isa = PBXFileReference; lastKnownFileType = file.storyboard; name = Base; path = Base.lproj/LaunchScreen.storyboard; sourceTree = "<group>"; };
		180C02FC1E6811B1002E3824 /* Info.plist */ = {isa = PBXFileReference; lastKnownFileType = text.plist.xml; path = Info.plist; sourceTree = "<group>"; };
/* End PBXFileReference section */

/* Begin PBXFrameworksBuildPhase section */
		180C02E71E6811B0002E3824 /* Frameworks */ = {
			isa = PBXFrameworksBuildPhase;
			buildActionMask = 2147483647;
			files = (
			);
			runOnlyForDeploymentPostprocessing = 0;
		};
/* End PBXFrameworksBuildPhase section */

/* Begin PBXGroup section */
		180C02E11E6811B0002E3824 = {
			isa = PBXGroup;
			children = (
				180C02EC1E6811B0002E3824 /* MicroPhone */,
				180C02EB1E6811B0002E3824 /* Products */,
			);
			sourceTree = "<group>";
		};
		180C02EB1E6811B0002E3824 /* Products */ = {
			isa = PBXGroup;
			children = (
				180C02EA1E6811B0002E3824 /* MicroPhone.app */,
			);
			name = Products;
			sourceTree = "<group>";
		};
		180C02EC1E6811B0002E3824 /* MicroPhone */ = {
			isa = PBXGroup;
			children = (
				180C02ED1E6811B1002E3824 /* AppDelegate.swift */,
				180C02EF1E6811B1002E3824 /* ViewController.swift */,
				18081A731E681C9600F14AD2 /* SoundAddViewController.swift */,
				180C02F11E6811B1002E3824 /* Main.storyboard */,
				180C02F71E6811B1002E3824 /* Assets.xcassets */,
				180C02F91E6811B1002E3824 /* LaunchScreen.storyboard */,
				180C02FC1E6811B1002E3824 /* Info.plist */,
				180C02F41E6811B1002E3824 /* MicroPhone.xcdatamodeld */,
			);
			path = MicroPhone;
			sourceTree = "<group>";
		};
/* End PBXGroup section */

/* Begin PBXNativeTarget section */
		180C02E91E6811B0002E3824 /* MicroPhone */ = {
			isa = PBXNativeTarget;
			buildConfigurationList = 180C02FF1E6811B1002E3824 /* Build configuration list for PBXNativeTarget "MicroPhone" */;
			buildPhases = (
				180C02E61E6811B0002E3824 /* Sources */,
				180C02E71E6811B0002E3824 /* Frameworks */,
				180C02E81E6811B0002E3824 /* Resources */,
			);
			buildRules = (
			);
			dependencies = (
			);
			name = MicroPhone;
			productName = MicroPhone;
			productReference = 180C02EA1E6811B0002E3824 /* MicroPhone.app */;
			productType = "com.apple.product-type.application";
		};
/* End PBXNativeTarget section */

/* Begin PBXProject section */
		180C02E21E6811B0002E3824 /* Project object */ = {
			isa = PBXProject;
			attributes = {
				LastSwiftUpdateCheck = 0830;
				LastUpgradeCheck = 0830;
				ORGANIZATIONNAME = itsviplove;
				TargetAttributes = {
					180C02E91E6811B0002E3824 = {
						CreatedOnToolsVersion = 8.3;
						ProvisioningStyle = Automatic;
					};
				};
			};
			buildConfigurationList = 180C02E51E6811B0002E3824 /* Build configuration list for PBXProject "MicroPhone" */;
			compatibilityVersion = "Xcode 3.2";
			developmentRegion = English;
			hasScannedForEncodings = 0;
			knownRegions = (
				en,
				Base,
			);
			mainGroup = 180C02E11E6811B0002E3824;
			productRefGroup = 180C02EB1E6811B0002E3824 /* Products */;
			projectDirPath = "";
			projectRoot = "";
			targets = (
				180C02E91E6811B0002E3824 /* MicroPhone */,
			);
		};
/* End PBXProject section */

/* Begin PBXResourcesBuildPhase section */
		180C02E81E6811B0002E3824 /* Resources */ = {
			isa = PBXResourcesBuildPhase;
			buildActionMask = 2147483647;
			files = (
				180C02FB1E6811B1002E3824 /* LaunchScreen.storyboard in Resources */,
				180C02F81E6811B1002E3824 /* Assets.xcassets in Resources */,
				180C02F31E6811B1002E3824 /* Main.storyboard in Resources */,
			);
			runOnlyForDeploymentPostprocessing = 0;
		};
/* End PBXResourcesBuildPhase section */

/* Begin PBXSourcesBuildPhase section */
		180C02E61E6811B0002E3824 /* Sources */ = {
			isa = PBXSourcesBuildPhase;
			buildActionMask = 2147483647;
			files = (
				18081A741E681C9600F14AD2 /* SoundAddViewController.swift in Sources */,
				180C02F01E6811B1002E3824 /* ViewController.swift in Sources */,
				180C02EE1E6811B1002E3824 /* AppDelegate.swift in Sources */,
				180C02F61E6811B1002E3824 /* MicroPhone.xcdatamodeld in Sources */,
			);
			runOnlyForDeploymentPostprocessing = 0;
		};
/* End PBXSourcesBuildPhase section */

/* Begin PBXVariantGroup section */
		180C02F11E6811B1002E3824 /* Main.storyboard */ = {
			isa = PBXVariantGroup;
			children = (
				180C02F21E6811B1002E3824 /* Base */,
			);
			name = Main.storyboard;
			sourceTree = "<group>";
		};
		180C02F91E6811B1002E3824 /* LaunchScreen.storyboard */ = {
			isa = PBXVariantGroup;
			children = (
				180C02FA1E6811B1002E3824 /* Base */,
			);
			name = LaunchScreen.storyboard;
			sourceTree = "<group>";
		};
/* End PBXVariantGroup section */

/* Begin XCBuildConfiguration section */
		180C02FD1E6811B1002E3824 /* Debug */ = {
			isa = XCBuildConfiguration;
			buildSettings = {
				ALWAYS_SEARCH_USER_PATHS = NO;
				CLANG_ANALYZER_NONNULL = YES;
				CLANG_ANALYZER_NUMBER_OBJECT_CONVERSION = YES_AGGRESSIVE;
				CLANG_CXX_LANGUAGE_STANDARD = "gnu++0x";
				CLANG_CXX_LIBRARY = "libc++";
				CLANG_ENABLE_MODULES = YES;
				CLANG_ENABLE_OBJC_ARC = YES;
				CLANG_WARN_BOOL_CONVERSION = YES;
				CLANG_WARN_CONSTANT_CONVERSION = YES;
				CLANG_WARN_DIRECT_OBJC_ISA_USAGE = YES_ERROR;
				CLANG_WARN_DOCUMENTATION_COMMENTS = YES;
				CLANG_WARN_EMPTY_BODY = YES;
				CLANG_WARN_ENUM_CONVERSION = YES;
				CLANG_WARN_INFINITE_RECURSION = YES;
				CLANG_WARN_INT_CONVERSION = YES;
				CLANG_WARN_OBJC_ROOT_CLASS = YES_ERROR;
				CLANG_WARN_SUSPICIOUS_MOVE = YES;
				CLANG_WARN_UNREACHABLE_CODE = YES;
				CLANG_WARN__DUPLICATE_METHOD_MATCH = YES;
				"CODE_SIGN_IDENTITY[sdk=iphoneos*]" = "iPhone Developer";
				COPY_PHASE_STRIP = NO;
				DEBUG_INFORMATION_FORMAT = dwarf;
				ENABLE_STRICT_OBJC_MSGSEND = YES;
				ENABLE_TESTABILITY = YES;
				GCC_C_LANGUAGE_STANDARD = gnu99;
				GCC_DYNAMIC_NO_PIC = NO;
				GCC_NO_COMMON_BLOCKS = YES;
				GCC_OPTIMIZATION_LEVEL = 0;
				GCC_PREPROCESSOR_DEFINITIONS = (
					"DEBUG=1",
					"$(inherited)",
				);
				GCC_WARN_64_TO_32_BIT_CONVERSION = YES;
				GCC_WARN_ABOUT_RETURN_TYPE = YES_ERROR;
				GCC_WARN_UNDECLARED_SELECTOR = YES;
				GCC_WARN_UNINITIALIZED_AUTOS = YES_AGGRESSIVE;
				GCC_WARN_UNUSED_FUNCTION = YES;
				GCC_WARN_UNUSED_VARIABLE = YES;
				IPHONEOS_DEPLOYMENT_TARGET = 10.3;
				MTL_ENABLE_DEBUG_INFO = YES;
				ONLY_ACTIVE_ARCH = YES;
				SDKROOT = iphoneos;
				SWIFT_ACTIVE_COMPILATION_CONDITIONS = DEBUG;
				SWIFT_OPTIMIZATION_LEVEL = "-Onone";
				TARGETED_DEVICE_FAMILY = "1,2";
			};
			name = Debug;
		};
		180C02FE1E6811B1002E3824 /* Release */ = {
			isa = XCBuildConfiguration;
			buildSettings = {
				ALWAYS_SEARCH_USER_PATHS = NO;
				CLANG_ANALYZER_NONNULL = YES;
				CLANG_ANALYZER_NUMBER_OBJECT_CONVERSION = YES_AGGRESSIVE;
				CLANG_CXX_LANGUAGE_STANDARD = "gnu++0x";
				CLANG_CXX_LIBRARY = "libc++";
				CLANG_ENABLE_MODULES = YES;
				CLANG_ENABLE_OBJC_ARC = YES;
				CLANG_WARN_BOOL_CONVERSION = YES;
				CLANG_WARN_CONSTANT_CONVERSION = YES;
				CLANG_WARN_DIRECT_OBJC_ISA_USAGE = YES_ERROR;
				CLANG_WARN_DOCUMENTATION_COMMENTS = YES;
				CLANG_WARN_EMPTY_BODY = YES;
				CLANG_WARN_ENUM_CONVERSION = YES;
				CLANG_WARN_INFINITE_RECURSION = YES;
				CLANG_WARN_INT_CONVERSION = YES;
				CLANG_WARN_OBJC_ROOT_CLASS = YES_ERROR;
				CLANG_WARN_SUSPICIOUS_MOVE = YES;
				CLANG_WARN_UNREACHABLE_CODE = YES;
				CLANG_WARN__DUPLICATE_METHOD_MATCH = YES;
				"CODE_SIGN_IDENTITY[sdk=iphoneos*]" = "iPhone Developer";
				COPY_PHASE_STRIP = NO;
				DEBUG_INFORMATION_FORMAT = "dwarf-with-dsym";
				ENABLE_NS_ASSERTIONS = NO;
				ENABLE_STRICT_OBJC_MSGSEND = YES;
				GCC_C_LANGUAGE_STANDARD = gnu99;
				GCC_NO_COMMON_BLOCKS = YES;
				GCC_WARN_64_TO_32_BIT_CONVERSION = YES;
				GCC_WARN_ABOUT_RETURN_TYPE = YES_ERROR;
				GCC_WARN_UNDECLARED_SELECTOR = YES;
				GCC_WARN_UNINITIALIZED_AUTOS = YES_AGGRESSIVE;
				GCC_WARN_UNUSED_FUNCTION = YES;
				GCC_WARN_UNUSED_VARIABLE = YES;
				IPHONEOS_DEPLOYMENT_TARGET = 10.3;
				MTL_ENABLE_DEBUG_INFO = NO;
				SDKROOT = iphoneos;
				SWIFT_OPTIMIZATION_LEVEL = "-Owholemodule";
				TARGETED_DEVICE_FAMILY = "1,2";
				VALIDATE_PRODUCT = YES;
			};
			name = Release;
		};
		180C03001E6811B1002E3824 /* Debug */ = {
			isa = XCBuildConfiguration;
			buildSettings = {
				ASSETCATALOG_COMPILER_APPICON_NAME = AppIcon;
				INFOPLIST_FILE = MicroPhone/Info.plist;
				LD_RUNPATH_SEARCH_PATHS = "$(inherited) @executable_path/Frameworks";
				PRODUCT_BUNDLE_IDENTIFIER = com.itsviplove.MicroPhone;
				PRODUCT_NAME = "$(TARGET_NAME)";
				SWIFT_VERSION = 3.0;
			};
			name = Debug;
		};
		180C03011E6811B1002E3824 /* Release */ = {
			isa = XCBuildConfiguration;
			buildSettings = {
				ASSETCATALOG_COMPILER_APPICON_NAME = AppIcon;
				INFOPLIST_FILE = MicroPhone/Info.plist;
				LD_RUNPATH_SEARCH_PATHS = "$(inherited) @executable_path/Frameworks";
				PRODUCT_BUNDLE_IDENTIFIER = com.itsviplove.MicroPhone;
				PRODUCT_NAME = "$(TARGET_NAME)";
				SWIFT_VERSION = 3.0;
			};
			name = Release;
		};
/* End XCBuildConfiguration section */

/* Begin XCConfigurationList section */
		180C02E51E6811B0002E3824 /* Build configuration list for PBXProject "MicroPhone" */ = {
			isa = XCConfigurationList;
			buildConfigurations = (
				180C02FD1E6811B1002E3824 /* Debug */,
				180C02FE1E6811B1002E3824 /* Release */,
			);
			defaultConfigurationIsVisible = 0;
			defaultConfigurationName = Release;
		};
		180C02FF1E6811B1002E3824 /* Build configuration list for PBXNativeTarget "MicroPhone" */ = {
			isa = XCConfigurationList;
			buildConfigurations = (
				180C03001E6811B1002E3824 /* Debug */,
				180C03011E6811B1002E3824 /* Release */,
			);
			defaultConfigurationIsVisible = 0;
			defaultConfigurationName = Release;
		};
/* End XCConfigurationList section */

/* Begin XCVersionGroup section */
		180C02F41E6811B1002E3824 /* MicroPhone.xcdatamodeld */ = {
			isa = XCVersionGroup;
			children = (
				180C02F51E6811B1002E3824 /* MicroPhone.xcdatamodel */,
			);
			currentVersion = 180C02F51E6811B1002E3824 /* MicroPhone.xcdatamodel */;
			path = MicroPhone.xcdatamodeld;
			sourceTree = "<group>";
			versionGroupType = wrapper.xcdatamodel;
		};
/* End XCVersionGroup section */
	};
	rootObject = 180C02E21E6811B0002E3824 /* Project object */;
}
